#include <stdio.h>
#include <Windows.h>

#pragma region Define
#define MAP_WIDTH 118
#define MAP_HEIGHT 63

#define BufferWidth 80
#define BufferHeight 40
#pragma endregion

#pragma region Map
int map[MAP_HEIGHT][MAP_WIDTH] = {
    {0,0,0,0,2,0,0,0,0,0,0,0,0,0,0,0,0,0,0,0,0,0,0,0,0,0,0,0,0,0,0,0,0,0,0,0,0,0,0,0,0,0,0,0,0,0,0,0,0,0,0,0,0,0,0,0,0,0,0,0,0,0,0,0,0,0,0,0,0,0,0,0,0,0,0,0,0,0,0,0,0,0,0,0,0,0,0,0,0,0,0,0,0,0,0,0,0,0,0,0,0,0,0,0,0,0,0,0,0,0,0,0,0,2,0,0,0,0},
    {0,0,0,0,2,0,0,0,0,0,0,0,0,0,0,0,0,0,0,0,0,0,0,0,0,0,0,0,0,0,0,0,0,0,0,0,0,0,0,0,0,0,0,0,0,0,0,0,0,0,0,0,0,0,0,0,0,0,0,0,0,0,0,0,0,0,0,0,0,0,0,0,0,0,0,0,0,0,0,0,0,0,0,0,0,0,0,0,0,0,0,0,0,0,0,0,0,0,0,0,0,0,0,0,0,0,0,0,0,0,0,0,0,2,0,0,0,0},
    {0,0,0,0,2,0,0,0,0,0,0,0,0,0,0,0,0,0,0,0,0,0,0,0,0,0,0,0,0,0,0,0,0,0,0,0,0,0,0,0,0,0,0,0,0,0,0,0,0,0,0,0,0,0,0,0,0,0,0,0,0,0,0,0,0,0,0,0,0,0,0,0,0,0,0,0,0,0,0,0,0,0,0,0,0,0,0,0,0,0,0,0,0,0,0,0,0,0,0,0,0,0,0,0,0,0,0,0,0,0,0,0,0,2,0,0,0,0},
    {0,0,0,0,2,0,0,0,0,0,0,0,0,0,0,0,0,0,0,0,0,0,0,0,0,0,0,0,0,0,0,0,0,0,0,0,0,0,0,0,0,0,0,0,0,0,0,0,0,0,0,0,0,0,0,0,0,0,0,0,0,0,0,0,0,0,0,0,0,0,0,0,0,0,0,0,0,0,0,0,0,0,0,0,0,0,0,0,0,0,0,0,0,0,0,0,0,0,0,0,0,0,0,0,0,0,0,0,0,0,0,0,0,2,0,0,0,0},
    {0,0,0,0,2,0,0,0,0,0,0,0,0,0,0,0,0,0,0,0,0,0,0,0,0,0,0,0,0,0,0,0,0,0,0,0,0,0,0,0,0,0,0,0,0,0,0,0,0,0,0,0,0,0,0,0,0,0,0,0,0,0,0,0,0,0,0,0,0,0,0,0,0,0,0,0,0,0,0,0,0,0,0,0,0,0,0,0,0,0,0,0,0,0,0,0,0,0,0,0,0,0,0,0,0,0,0,0,0,0,0,0,0,2,0,0,0,0},
    {0,0,0,0,2,0,0,0,0,0,0,0,0,0,0,0,0,0,0,0,0,0,0,0,0,0,0,0,0,0,0,0,0,0,0,0,0,0,0,0,0,0,0,0,0,0,0,0,0,0,0,0,0,0,0,0,0,0,0,0,0,0,0,0,0,0,0,0,0,0,0,0,0,0,0,0,0,0,0,0,0,0,0,0,0,0,0,0,0,0,0,0,0,0,0,0,0,0,0,0,0,0,0,0,0,0,0,0,0,0,0,0,0,2,0,0,0,0},
    {0,0,0,0,2,0,0,0,0,0,0,0,0,0,0,0,0,0,0,0,0,0,0,0,0,0,0,0,0,0,0,0,0,0,0,0,0,0,0,0,0,0,0,0,0,0,0,0,0,0,0,0,0,0,0,0,0,0,0,0,0,0,0,0,0,0,0,0,0,0,0,0,0,0,0,0,0,0,0,0,0,0,0,0,0,0,0,0,0,0,0,0,0,0,0,0,0,0,0,0,0,0,0,0,0,0,0,0,0,0,0,0,0,2,0,0,0,0},
    {0,0,0,0,2,0,0,0,0,0,0,0,0,0,0,0,0,0,0,0,0,0,0,0,0,0,0,0,0,0,0,0,0,0,0,0,0,0,0,0,0,0,0,0,0,0,0,0,0,0,0,0,0,0,0,0,0,0,0,0,0,0,0,0,0,0,0,0,0,0,0,0,0,0,0,0,0,0,0,0,0,0,0,0,0,0,0,0,0,0,0,0,0,0,0,0,0,0,0,0,0,0,0,0,0,0,0,0,0,0,0,0,0,2,0,0,0,0},
    {0,0,0,0,2,0,0,0,0,0,0,0,0,0,0,0,0,0,0,0,0,0,0,0,0,0,0,0,0,0,0,0,0,0,0,0,0,0,0,0,0,0,0,0,0,0,0,0,0,0,0,0,0,0,0,0,0,0,0,0,0,0,0,0,0,0,0,0,0,0,0,0,0,0,0,0,0,0,0,0,0,0,0,0,0,0,0,0,0,0,0,0,0,0,0,0,0,0,0,0,0,0,0,0,0,0,0,0,0,0,0,0,0,2,0,0,0,0},
    {0,0,0,0,2,0,0,0,0,0,0,0,0,0,0,0,0,0,0,0,0,0,0,0,0,0,0,0,0,0,0,0,0,0,0,0,0,0,0,0,0,0,0,0,0,0,0,0,0,0,0,0,0,0,0,0,0,0,0,0,0,0,0,0,0,0,0,0,0,0,0,0,0,0,0,0,0,0,0,0,0,0,0,0,0,0,0,0,0,0,0,0,0,0,0,0,0,0,0,0,0,0,0,0,0,0,0,0,0,0,0,0,0,2,0,0,0,0},
    {0,0,0,0,2,0,0,0,0,0,0,0,0,0,0,0,0,0,0,0,0,0,0,0,0,0,0,0,0,0,0,0,0,0,0,0,0,0,0,0,0,0,0,0,0,0,0,0,0,0,0,0,0,0,0,0,0,0,0,0,0,0,0,0,0,0,0,0,0,0,0,0,0,0,0,0,0,0,0,0,0,0,0,0,0,0,0,0,0,0,0,0,0,0,0,0,0,0,0,0,0,0,0,0,0,0,0,0,0,0,0,0,0,2,0,0,0,0},
    {0,0,0,0,2,0,0,0,0,0,0,0,0,0,0,0,0,0,0,0,0,0,0,0,0,0,0,0,0,0,0,0,0,0,0,0,0,0,0,0,0,0,0,0,0,0,0,0,0,0,0,0,0,0,0,0,0,0,0,0,0,0,0,0,0,0,0,0,0,0,0,0,0,0,0,0,0,0,0,0,0,0,0,0,0,0,0,0,0,0,0,0,0,0,0,0,0,0,0,0,0,0,0,0,0,0,0,0,0,0,0,0,0,2,0,0,0,0},
    {0,0,0,0,2,0,0,0,0,0,0,0,0,0,0,0,0,0,0,0,0,0,0,0,0,0,0,0,0,0,0,0,0,0,0,0,0,0,0,0,0,0,0,0,0,0,0,0,0,0,0,0,0,0,0,0,0,0,0,0,0,0,0,0,0,0,0,0,0,0,0,0,0,0,0,0,0,0,0,0,0,0,0,0,0,0,0,0,0,0,0,0,0,0,0,0,0,0,0,0,0,0,0,0,0,0,0,0,0,0,0,0,0,2,0,0,0,0},
    {0,0,0,0,2,0,0,0,0,0,0,0,0,0,0,0,0,0,0,0,0,0,0,0,0,0,0,0,0,0,0,0,0,0,0,0,0,0,0,0,0,0,0,0,0,0,0,0,0,0,0,0,0,0,0,0,0,0,0,0,0,0,0,0,0,0,0,0,0,0,0,0,0,0,0,0,0,0,0,0,0,0,0,0,0,0,0,0,0,0,0,0,0,0,0,0,0,0,0,0,0,0,0,0,0,0,0,0,0,0,0,0,0,2,0,0,0,0},
    {0,0,0,0,2,0,0,0,0,0,0,0,0,0,0,0,0,0,0,0,0,0,0,0,0,0,0,0,0,0,0,0,0,0,0,0,0,0,0,0,0,0,0,0,0,0,0,0,0,0,0,0,0,0,0,0,0,0,0,0,0,0,0,0,0,0,0,0,0,0,0,0,0,0,0,0,0,0,0,0,0,0,0,0,0,0,0,0,0,0,0,0,0,0,0,0,0,0,0,0,0,0,0,0,0,0,0,0,0,0,0,0,0,2,0,0,0,0},
    {0,0,0,0,2,0,0,0,0,0,0,0,0,0,0,0,0,0,0,0,0,0,0,0,0,0,0,0,0,0,0,0,0,0,0,0,0,0,0,0,0,0,0,0,0,0,0,0,0,0,0,0,0,0,0,0,0,0,0,0,0,0,0,0,0,0,0,0,0,0,0,0,0,0,0,0,0,0,0,0,0,0,0,0,0,0,0,0,0,0,0,0,0,0,0,0,0,0,0,0,0,0,0,0,0,0,0,0,0,0,0,0,0,2,0,0,0,0},
    {0,0,0,0,2,0,0,0,0,0,0,0,0,0,0,0,0,0,0,0,0,0,0,0,0,0,0,0,0,0,0,0,0,0,0,0,0,0,0,0,0,0,0,0,0,0,0,0,0,0,0,0,0,0,0,0,0,0,0,0,0,0,0,0,0,0,0,0,0,0,0,0,0,0,0,0,0,0,0,0,0,0,0,0,0,0,0,0,0,0,0,0,0,0,0,0,0,0,0,0,0,0,0,0,0,0,0,0,0,0,0,0,0,2,0,0,0,0},
    {0,0,0,0,2,0,0,0,0,0,0,0,0,0,0,0,0,0,0,0,0,0,0,0,0,0,0,0,0,0,0,0,0,0,0,0,0,0,0,0,0,0,0,0,0,0,0,0,0,0,0,0,0,0,0,0,0,0,0,0,0,0,0,0,0,0,0,0,0,0,0,0,0,0,0,0,0,0,0,0,0,0,0,0,0,0,0,0,0,0,0,0,0,0,0,0,0,0,0,0,0,0,0,0,0,0,0,0,0,0,0,0,0,2,0,0,0,0},
    {0,0,0,0,2,0,0,0,0,0,0,0,0,0,0,0,0,0,0,0,0,0,0,0,0,0,0,0,0,0,0,0,0,0,0,0,0,0,0,0,0,0,0,0,0,0,0,0,0,0,0,0,0,0,0,0,0,0,0,0,0,0,0,0,0,0,0,0,0,0,0,0,0,0,0,0,0,0,0,0,0,0,0,0,0,0,0,0,0,0,0,0,0,0,0,0,0,0,0,0,0,0,0,0,0,0,0,0,0,0,0,0,0,2,0,0,0,0},
    {0,0,0,0,2,0,0,0,0,0,0,0,0,0,0,0,0,0,0,0,0,0,0,0,0,0,0,0,0,0,0,0,0,0,0,0,0,0,0,0,0,0,0,0,0,0,0,0,0,0,0,0,0,0,0,0,0,0,0,0,0,0,0,0,0,0,0,0,0,0,0,0,0,0,0,0,0,0,0,0,0,0,0,0,0,0,0,0,0,0,0,0,0,0,0,0,0,0,0,0,0,0,0,0,0,0,0,0,0,0,0,0,0,2,0,0,0,0},
    {0,0,0,0,2,0,0,0,0,0,0,0,0,0,0,0,0,0,0,0,0,0,0,0,0,0,0,0,0,0,0,0,0,0,0,0,0,0,0,0,0,0,0,0,0,0,0,0,0,0,0,0,0,0,0,0,0,0,0,0,0,0,0,0,0,0,0,0,0,0,0,0,0,0,0,0,0,0,0,0,0,0,0,0,0,0,0,0,0,0,0,0,0,0,0,0,0,0,0,0,0,0,0,0,0,0,0,0,0,0,0,0,0,2,0,0,0,0},
    {0,0,0,0,2,0,0,0,0,0,0,0,0,0,0,0,0,0,0,0,0,0,0,0,0,0,0,0,0,0,0,0,0,0,0,0,0,0,0,0,0,0,0,0,0,0,0,0,0,0,0,0,0,0,0,0,0,0,0,0,0,0,0,0,0,0,0,0,0,0,0,0,0,0,0,0,0,0,0,0,0,0,0,0,0,0,0,0,0,0,0,0,0,0,0,0,0,0,0,0,0,0,0,0,0,0,0,0,0,0,0,0,0,2,0,0,0,0},
    {0,0,0,0,2,0,0,0,0,0,0,0,0,0,0,0,0,0,0,0,0,0,0,0,0,0,0,0,0,0,0,0,0,0,0,0,0,0,0,0,0,0,0,0,0,0,0,0,0,0,0,0,0,0,0,0,0,0,0,0,0,0,0,0,0,0,0,0,0,0,0,0,0,0,0,0,0,0,0,0,0,0,0,0,0,0,0,0,0,0,0,0,0,0,0,0,0,0,0,0,0,0,0,0,0,0,0,0,0,0,0,0,0,2,0,0,0,0},
    {0,0,0,0,2,0,0,0,0,0,0,0,0,0,0,0,0,0,0,0,0,0,0,0,0,0,0,0,0,0,0,0,0,0,0,0,0,0,0,0,0,0,0,0,0,0,0,0,0,0,0,0,0,0,0,0,0,0,0,0,0,0,0,0,0,0,0,0,0,0,0,0,0,0,0,0,0,0,0,0,0,0,0,0,0,0,0,0,0,0,0,0,0,0,0,0,0,0,0,0,0,0,0,0,0,0,0,0,0,0,0,0,0,2,0,0,0,0},
    {0,0,0,0,2,0,0,0,0,0,0,0,0,0,0,0,0,0,0,0,0,0,0,0,0,0,0,0,0,0,0,0,0,0,0,0,0,0,0,0,0,0,0,0,0,0,0,0,0,0,0,0,0,0,0,0,0,0,0,0,0,0,0,0,0,0,0,0,0,0,0,0,0,0,0,0,0,0,0,0,0,0,0,0,0,0,0,0,0,0,0,0,0,0,0,0,0,0,0,0,0,0,0,0,0,0,0,0,0,0,0,0,0,2,0,0,0,0},
    {0,0,0,0,2,0,0,0,0,0,0,0,0,0,0,0,0,0,0,0,0,0,0,0,0,0,0,0,0,0,0,0,0,0,0,0,0,0,0,0,0,0,0,0,0,0,0,0,0,0,0,0,0,0,0,0,0,0,0,0,0,0,0,0,0,0,0,0,0,0,0,0,0,0,0,0,0,0,0,0,0,0,0,0,0,0,0,0,0,0,0,0,0,0,0,0,0,0,0,0,0,0,0,0,0,0,0,0,0,0,0,0,0,2,0,0,0,0},
    {0,0,0,0,2,0,0,0,0,0,0,0,0,0,0,0,0,0,0,0,0,0,0,0,0,0,0,0,0,0,0,0,0,0,0,0,0,0,0,0,0,0,0,0,0,0,0,0,0,0,0,0,0,0,0,0,0,0,0,0,0,0,0,0,0,0,0,0,0,0,0,0,0,0,0,0,0,0,0,0,0,0,0,0,0,0,0,0,0,0,0,0,0,0,0,0,0,0,0,0,0,0,0,0,0,0,0,0,0,0,0,0,0,2,0,0,0,0},
    {0,0,0,0,2,0,0,0,0,0,0,0,0,0,0,0,0,0,0,0,0,0,0,0,0,0,0,0,0,0,0,0,0,0,0,0,0,0,0,0,0,0,0,0,0,0,0,0,0,0,0,0,0,0,0,0,0,0,0,0,0,0,0,0,0,0,0,0,0,0,0,0,0,0,0,0,0,0,0,0,0,0,0,0,0,0,0,0,0,0,0,0,0,0,0,0,0,0,0,0,0,0,0,0,0,0,0,0,0,0,0,0,0,2,0,0,0,0},
    {0,0,0,0,2,0,0,0,0,0,0,0,0,0,0,0,0,0,0,0,0,0,0,0,0,0,0,0,0,0,0,0,0,0,0,0,0,0,0,0,0,0,0,0,0,0,0,0,0,0,0,0,0,0,0,0,0,0,0,0,0,0,0,0,0,0,0,0,0,0,0,0,0,0,0,0,0,0,0,0,0,0,0,0,0,0,0,0,0,0,0,0,0,0,0,0,0,0,0,0,0,0,0,0,0,0,0,0,0,0,0,0,0,2,0,0,0,0},
    {0,0,0,0,2,0,0,0,0,0,0,0,0,0,0,0,0,0,0,0,0,0,0,0,0,0,0,0,0,0,0,0,0,0,0,0,0,0,0,0,0,0,0,0,0,0,0,0,0,0,0,0,0,0,0,0,0,0,0,0,0,0,0,0,0,0,0,0,0,0,0,0,0,0,0,0,0,0,0,0,0,0,0,0,0,0,0,0,0,0,0,0,0,0,0,0,0,0,0,0,0,0,0,0,0,0,0,0,0,0,0,0,0,2,0,0,0,0},
    {0,0,0,0,2,0,0,0,0,0,0,0,0,0,0,0,0,0,0,0,0,0,0,0,0,0,0,0,0,0,0,0,0,0,0,0,0,0,0,0,0,0,0,0,0,0,0,0,0,0,0,0,0,0,0,0,0,0,0,0,0,0,0,0,0,0,0,0,0,0,0,0,0,0,0,0,0,0,0,0,0,0,0,0,0,0,0,0,0,0,0,0,0,0,0,0,0,0,0,0,0,0,0,0,0,0,0,0,0,0,0,0,0,2,0,0,0,0},
    {0,0,0,0,2,0,0,0,0,0,0,0,0,0,0,0,0,0,0,0,0,0,0,0,0,0,0,0,0,0,0,0,0,0,0,0,0,0,0,0,0,0,0,0,0,0,0,0,0,0,0,0,0,0,0,0,0,0,0,0,0,0,0,0,0,0,0,0,0,0,0,0,0,0,0,0,0,0,0,0,0,0,0,0,0,0,0,0,0,0,0,0,0,0,0,0,0,0,0,0,0,0,0,0,0,0,0,0,0,0,0,0,0,2,0,0,0,0},
    {0,0,0,0,2,0,0,0,0,0,0,0,0,0,0,0,0,0,0,0,0,0,0,0,0,0,0,0,0,0,0,0,0,0,0,0,0,0,0,0,0,0,0,0,0,0,0,0,0,0,0,0,0,0,0,0,0,0,0,0,0,0,0,0,0,0,0,0,0,0,0,0,0,0,0,0,0,0,0,0,0,0,0,0,0,0,0,0,0,0,0,0,0,0,0,0,0,0,0,0,0,0,0,0,0,0,0,0,0,0,0,0,0,2,0,0,0,0},
    {0,0,0,0,2,0,0,0,0,0,0,0,0,0,0,0,0,0,0,0,0,0,0,0,0,0,0,0,0,0,0,0,0,0,0,0,0,0,0,0,0,0,0,0,0,0,0,0,0,0,0,0,0,0,0,0,0,0,0,0,0,0,0,0,0,0,0,0,0,0,0,0,0,0,0,0,0,0,0,0,0,0,0,0,0,0,0,0,0,0,0,0,0,0,0,0,0,0,0,0,0,0,0,0,0,0,0,0,0,0,0,0,0,2,0,0,0,0},
    {0,0,0,0,2,0,0,0,0,0,0,0,0,0,0,0,0,0,0,0,0,0,0,0,0,0,0,0,0,0,0,0,0,0,0,0,0,0,0,0,0,0,0,0,0,0,0,0,0,0,0,0,0,0,0,0,0,0,0,0,0,0,0,0,0,0,0,0,0,0,0,0,0,0,0,0,0,0,0,0,0,0,0,0,0,0,0,0,0,0,0,0,0,0,0,0,0,0,0,0,0,0,0,0,0,0,0,0,0,0,0,0,0,2,0,0,0,0},
    {0,0,0,0,2,0,0,0,0,0,0,0,0,0,0,0,0,0,0,0,0,0,0,0,0,0,0,0,0,0,0,0,0,0,0,0,0,0,0,0,0,0,0,0,0,0,0,0,0,0,0,0,0,0,0,0,0,0,0,0,0,0,0,0,0,0,0,0,0,0,0,0,0,0,0,0,0,0,0,0,0,0,0,0,0,0,0,0,0,0,0,0,0,0,0,0,0,0,0,0,0,0,0,0,0,0,0,0,0,0,0,0,0,2,0,0,0,0},
    {0,0,0,0,2,0,0,0,0,0,0,0,0,0,0,0,0,0,0,0,0,0,0,0,0,0,0,0,0,0,0,0,0,0,0,0,0,0,0,0,0,0,0,0,0,0,0,0,0,0,0,0,0,0,0,0,0,0,0,0,0,0,0,0,0,0,0,0,0,0,0,0,0,0,0,0,0,0,0,0,0,0,0,0,0,0,0,0,0,0,0,0,0,0,0,0,0,0,0,0,0,0,0,0,0,0,0,0,0,0,0,0,0,2,0,0,0,0},
    {0,0,0,0,2,0,0,0,0,0,0,0,0,0,0,0,0,0,0,0,0,0,0,0,0,0,0,0,0,0,0,0,0,0,0,0,0,0,0,0,0,0,0,0,0,0,0,0,0,0,0,0,0,0,0,0,0,0,0,0,0,0,0,0,0,0,0,0,0,0,0,0,0,0,0,0,0,0,0,0,0,0,0,0,0,0,0,0,0,0,0,0,0,0,0,0,0,0,0,0,0,0,0,0,0,0,0,0,0,0,0,0,0,2,0,0,0,0},
    {0,0,0,0,2,0,0,0,0,0,0,0,0,0,0,0,0,0,0,0,0,0,0,0,0,0,0,0,0,0,0,0,0,0,0,0,0,0,0,0,0,0,0,0,0,0,0,0,0,0,0,0,0,0,0,0,0,0,0,0,0,0,0,0,0,0,0,0,0,0,0,0,0,0,0,0,0,0,0,0,0,0,0,0,0,0,0,0,0,0,0,0,0,0,0,0,0,0,0,0,0,0,0,0,0,0,0,0,0,0,0,0,0,2,0,0,0,0},
    {0,0,0,0,2,0,0,0,0,0,0,0,0,0,0,0,0,0,0,0,0,0,0,0,0,0,0,0,0,0,0,0,0,0,0,0,0,0,0,0,0,0,0,0,0,0,0,0,0,0,0,0,0,0,0,0,0,0,0,0,0,0,0,0,0,0,0,0,0,0,0,0,0,0,0,0,0,0,0,0,0,0,0,0,0,0,0,0,0,0,0,0,0,0,0,0,0,0,0,0,0,0,0,0,0,0,0,0,0,0,0,0,0,2,0,0,0,0},
    {0,0,0,0,2,0,0,0,0,0,0,0,0,0,0,0,0,0,0,0,0,0,0,0,0,0,0,0,0,0,0,0,0,0,0,0,0,0,0,0,0,0,0,0,0,0,0,0,0,0,0,0,0,0,0,0,0,0,0,0,0,0,0,0,0,0,0,0,0,0,0,0,0,0,0,0,0,0,0,0,0,0,0,0,0,0,0,0,0,0,0,0,0,0,0,0,0,0,0,0,0,0,0,0,0,0,0,0,0,0,0,0,0,2,0,0,0,0},
    {0,0,0,0,2,0,0,0,0,0,0,0,0,0,0,0,0,0,0,0,0,0,0,0,0,0,0,0,0,0,0,0,0,0,0,0,0,0,0,0,0,0,0,0,0,0,0,0,0,0,0,0,0,0,0,0,0,0,0,0,0,0,0,0,0,0,0,0,0,0,0,0,0,0,0,0,0,0,0,0,0,0,0,0,0,0,0,0,0,0,0,0,0,0,0,0,0,0,0,0,0,0,0,0,0,0,0,0,0,0,0,0,0,2,0,0,0,0},
    {0,0,0,0,2,0,0,0,0,0,0,0,0,0,0,0,0,0,0,0,0,0,0,0,0,0,0,0,0,0,0,0,0,0,0,0,0,0,0,0,0,0,0,0,0,0,0,0,0,0,0,0,0,0,0,0,0,0,0,0,0,0,0,0,0,0,0,0,0,0,0,0,0,0,0,0,0,0,0,0,0,0,0,0,0,0,0,0,0,0,0,0,0,0,0,0,0,0,0,0,0,0,0,0,0,0,0,0,0,0,0,0,0,2,0,0,0,0},
    {0,0,0,0,2,0,0,0,0,0,0,0,0,0,0,0,0,0,0,0,0,0,0,0,0,0,0,0,0,0,0,0,0,0,0,0,0,0,0,0,0,0,0,0,0,0,0,0,0,0,0,0,0,0,0,0,0,0,0,0,0,0,0,0,0,0,0,0,0,0,0,0,0,0,0,0,0,0,0,0,0,0,0,0,0,0,0,0,0,0,0,0,0,0,0,0,0,0,0,0,0,0,0,0,0,0,0,0,0,0,0,0,0,2,0,0,0,0},
    {0,0,0,0,2,0,0,0,0,0,0,0,0,0,0,0,0,0,0,0,0,0,0,0,0,0,0,0,0,0,0,0,0,0,0,0,0,0,0,0,0,0,0,0,0,0,0,0,0,0,0,0,0,0,0,0,0,0,0,0,0,0,0,0,0,0,0,0,0,0,0,0,0,0,0,0,0,0,0,0,0,0,0,0,0,0,0,0,0,0,0,0,0,0,0,0,0,0,0,0,0,0,0,0,0,0,0,0,0,0,0,0,0,2,0,0,0,0},
    {0,0,0,0,2,0,0,0,0,0,0,0,0,0,0,0,0,0,0,0,0,0,0,0,0,0,0,0,0,0,0,0,0,0,0,0,0,0,0,0,0,0,0,0,0,0,0,0,0,0,0,0,0,0,0,0,0,0,0,0,0,0,0,0,0,0,0,0,0,0,0,0,0,0,0,0,0,0,0,0,0,0,0,0,0,0,0,0,0,0,0,0,0,0,0,0,0,0,0,0,0,0,0,0,0,0,0,0,0,0,0,0,0,2,0,0,0,0},
    {0,0,0,0,2,0,0,0,0,0,0,0,0,0,0,0,0,0,0,0,0,0,0,0,0,0,0,0,0,0,0,0,0,0,0,0,0,0,0,0,0,0,0,0,0,0,0,0,0,0,0,0,0,0,0,0,0,0,0,0,0,0,0,0,0,0,0,0,0,0,0,0,0,0,0,0,0,0,0,0,0,0,0,0,0,0,0,0,0,0,0,0,0,0,0,0,0,0,0,0,0,0,0,0,0,0,0,0,0,0,0,0,0,2,0,0,0,0},
    {0,0,0,0,2,0,0,0,0,0,0,0,0,0,0,0,0,0,0,0,0,0,0,0,0,0,0,0,0,0,0,0,0,0,0,0,0,0,0,0,0,0,0,0,0,0,0,0,0,0,0,0,0,0,0,0,0,0,0,0,0,0,0,0,0,0,0,0,0,0,0,0,0,0,0,0,0,0,0,0,0,0,0,0,0,0,0,0,0,0,0,0,0,0,0,0,0,0,0,0,0,0,0,0,0,0,0,0,0,0,0,0,0,2,0,0,0,0},
    {0,0,0,0,2,0,0,0,0,0,0,0,0,0,0,0,0,0,0,0,0,0,0,0,0,0,0,0,0,0,0,0,0,0,0,0,0,0,0,0,0,0,0,0,0,0,0,0,0,0,0,0,0,0,0,0,0,0,0,0,0,0,0,0,0,0,0,0,0,0,0,0,0,0,0,0,0,0,0,0,0,0,0,0,0,0,0,0,0,0,0,0,0,0,0,0,0,0,0,0,0,0,0,0,0,0,0,0,0,0,0,0,0,2,0,0,0,0},
    {0,0,0,0,2,0,0,0,0,0,0,0,0,0,0,0,0,0,0,0,0,0,0,0,0,0,0,0,0,0,0,0,0,0,0,0,0,0,0,0,0,0,3,3,3,3,3,3,3,3,0,0,0,0,0,0,0,0,0,0,0,0,0,0,0,0,0,0,0,0,0,0,0,0,0,0,0,0,0,0,0,0,0,0,0,0,0,0,0,0,0,0,0,0,0,0,0,0,0,0,0,0,0,0,0,0,0,0,0,0,0,0,0,2,0,0,0,0},
    {0,0,0,0,2,0,0,0,0,0,0,0,0,0,0,0,0,0,0,0,0,0,0,0,0,0,0,0,0,0,0,0,0,0,0,0,0,0,0,3,3,3,3,3,3,3,3,3,3,3,3,3,3,0,0,0,0,0,0,0,0,0,0,0,0,0,0,0,0,0,0,0,0,0,0,0,0,0,0,0,0,0,0,0,0,0,0,0,0,0,0,0,0,0,0,0,0,0,0,0,0,0,0,0,0,0,0,0,0,0,0,0,0,2,0,0,0,0},
    {0,0,0,0,2,0,0,0,0,0,0,0,0,0,0,0,0,0,0,0,0,0,0,0,0,0,0,0,0,0,0,0,0,0,0,0,0,3,3,3,3,3,3,3,0,0,0,0,3,3,3,3,3,3,3,3,3,0,0,0,0,0,0,0,0,0,0,0,0,0,0,0,0,0,0,0,0,0,0,0,0,0,0,0,0,0,0,0,0,0,0,0,0,0,0,0,0,0,0,0,0,0,0,0,0,0,0,0,0,0,0,0,0,2,0,0,0,0},
    {0,0,0,0,2,0,0,0,0,0,0,0,0,0,0,0,0,0,0,0,0,0,0,0,0,0,3,3,3,3,3,3,3,0,0,3,3,3,3,3,3,0,0,0,0,0,0,0,0,0,0,3,3,3,3,3,3,3,3,3,3,3,3,3,3,3,3,3,3,3,3,3,3,3,0,0,0,0,0,0,0,0,0,0,0,0,0,0,0,0,0,0,0,0,0,0,0,0,0,0,0,0,0,0,0,0,0,0,0,0,0,0,0,2,0,0,0,0},
    {0,0,0,0,2,0,0,0,0,0,0,0,0,0,0,0,0,0,0,0,0,0,3,3,3,3,3,3,3,3,3,3,3,0,0,3,3,3,3,0,0,0,0,0,0,0,0,0,0,0,0,0,0,0,0,3,3,3,3,3,3,3,3,3,3,3,3,3,3,3,3,3,3,3,3,3,0,0,0,0,0,0,0,0,0,0,0,0,0,0,0,0,0,0,0,0,0,0,0,0,0,0,0,0,0,0,0,0,0,0,0,0,0,2,0,0,0,0},
    {0,0,0,0,2,0,0,0,0,0,0,0,0,0,0,0,0,0,0,0,3,3,3,3,3,3,3,3,0,0,0,0,3,0,0,3,0,0,0,0,0,0,0,0,0,0,0,0,0,0,0,0,0,0,0,0,0,0,0,0,0,0,0,0,0,0,0,0,0,0,0,0,3,3,3,3,3,3,3,3,3,0,0,0,0,0,0,0,0,0,0,0,0,0,0,0,0,0,0,0,0,0,0,0,0,0,0,0,0,0,0,0,0,2,0,0,0,0},
    {0,0,0,0,2,0,8,0,0,0,0,0,0,0,0,0,0,0,0,0,3,3,3,3,0,0,0,0,0,0,0,0,3,4,4,3,0,0,0,0,0,0,0,0,0,0,0,0,0,0,0,0,0,0,0,0,0,0,0,0,0,0,0,0,0,0,0,0,0,0,0,0,0,0,0,3,3,3,3,3,3,3,3,3,3,3,0,0,0,0,0,0,0,0,0,0,0,0,0,0,0,0,0,0,0,0,0,0,0,0,0,0,7,2,0,0,0,0},
    {0,0,0,0,2,1,1,1,1,1,1,1,1,1,1,1,1,1,1,1,1,1,1,1,1,1,1,1,1,1,1,1,1,1,1,1,1,1,1,1,1,1,1,1,1,1,1,1,1,1,1,1,1,1,1,1,1,1,1,1,1,1,1,1,1,1,1,1,1,1,1,1,1,1,1,1,1,1,1,1,1,1,1,1,1,1,1,1,1,1,1,1,1,1,1,1,1,1,1,1,1,1,1,1,1,1,1,1,1,1,1,1,1,1,0,0,0,0},
    {0,0,0,0,0,0,0,0,0,0,0,0,0,0,0,0,0,0,0,0,0,0,0,0,0,0,0,0,0,0,0,0,0,0,0,0,0,0,0,0,0,0,0,0,0,0,0,0,0,0,0,0,0,0,0,0,0,0,0,0,0,0,0,0,0,0,0,0,0,0,0,0,0,0,0,0,0,0,0,0,0,0,0,0,0,0,0,0,0,0,0,0,0,0,0,0,0,0,0,0,0,0,0,0,0,0,0,0,0,0,0,0,0,0,0,0,0,0},
    {0,0,0,0,0,0,0,0,0,0,0,0,0,0,0,0,0,0,0,0,0,0,0,0,0,0,0,0,0,0,0,0,0,0,0,0,0,0,0,0,0,0,0,0,0,0,0,0,0,0,0,0,0,0,0,0,0,0,0,0,0,0,0,0,0,0,0,0,0,0,0,0,0,0,0,0,0,0,0,0,0,0,0,0,0,0,0,0,0,0,0,0,0,0,0,0,0,0,0,0,0,0,0,0,0,0,0,0,0,0,0,0,0,0,0,0,0,0},
    {0,0,0,0,0,0,0,0,0,0,0,0,0,0,0,0,0,0,0,0,0,0,0,0,0,0,0,0,0,0,0,0,0,0,0,0,0,0,0,0,0,0,0,0,0,0,0,0,0,0,0,0,0,0,0,0,0,0,0,0,0,0,0,0,0,0,0,0,0,0,0,0,0,0,0,0,0,0,0,0,0,0,0,0,0,0,0,0,0,0,0,0,0,0,0,0,0,0,0,0,0,0,0,0,0,0,0,0,0,0,0,0,0,0,0,0,0,0},
    {0,0,0,0,0,0,0,0,0,0,0,0,0,0,0,0,0,0,0,0,0,0,0,0,0,0,0,0,0,0,0,0,0,0,0,0,0,0,0,0,0,0,0,0,0,0,0,0,0,0,0,0,0,0,0,0,0,0,0,0,0,0,0,0,0,0,0,0,0,0,0,0,0,0,0,0,0,0,0,0,0,0,0,0,0,0,0,0,0,0,0,0,0,0,0,0,0,0,0,0,0,0,0,0,0,0,0,0,0,0,0,0,0,0,0,0,0,0},
    {0,0,0,0,0,0,0,0,0,0,0,0,0,0,0,0,0,0,0,0,0,0,0,0,0,0,0,0,0,0,0,0,0,0,0,0,0,0,0,0,0,0,0,0,0,0,0,0,0,0,0,0,0,0,0,0,0,0,0,0,0,0,0,0,0,0,0,0,0,0,0,0,0,0,0,0,0,0,0,0,0,0,0,0,0,0,0,0,0,0,0,0,0,0,0,0,0,0,0,0,0,0,0,0,0,0,0,0,0,0,0,0,0,0,0,0,0,0},
    {0,0,0,0,0,0,0,0,0,0,0,0,0,0,0,0,0,0,0,0,0,0,0,0,0,0,0,0,0,0,0,0,0,0,0,0,0,0,0,0,0,0,0,0,0,0,0,0,0,0,0,0,0,0,0,0,0,0,0,0,0,0,0,0,0,0,0,0,0,0,0,0,0,0,0,0,0,0,0,0,0,0,0,0,0,0,0,0,0,0,0,0,0,0,0,0,0,0,0,0,0,0,0,0,0,0,0,0,0,0,0,0,0,0,0,0,0,0},
};

char title[32][144] = {
    "PPPPPPPPPPPPPPPPP        AAA               RRRRRRRRRRRRRRRRR   KKKKKKKKK    KKKKKKK     OOOOOOOOO     UUUUUUUU     UUUUUUUURRRRRRRRRRRRRRRRR",
    "P::::::::::::::::P      A:::A              R::::::::::::::::R  K:::::::K    K:::::K   OO:::::::::OO   U::::::U     U::::::UR::::::::::::::::R",
    "P::::::PPPPPP:::::P    A:::::A             R::::::RRRRRR:::::R K:::::::K    K:::::K OO:::::::::::::OO U::::::U     U::::::UR::::::RRRRRR:::::R",
    "PP:::::P     P:::::P  A:::::::A            RR:::::R     R:::::RK:::::::K   K::::::KO:::::::OOO:::::::OUU:::::U     U:::::UURR:::::R     R:::::R",
    "  P::::P     P:::::P A:::::::::A             R::::R     R:::::RKK::::::K  K:::::KKKO::::::O   O::::::O U:::::U     U:::::U   R::::R     R:::::R",
    "  P::::P     P:::::PA:::::A:::::A            R::::R     R:::::R  K::::: K K:::::K  O:::::O     O:::::O U:::::D     D:::::U   R::::R     R:::::R",
    "  P::::PPPPPP:::::PA:::::A A:::::A           R::::RRRRRR:::::R   K::::::K:::::K    O:::::O     O:::::O U:::::D     D:::::U   R::::RRRRRR:::::R",
    "  P:::::::::::::PPA:::::A   A:::::A          R:::::::::::::RR    K:::::::::::K     O:::::O     O:::::O U:::::D     D:::::U   R:::::::::::::RR",
    "  P::::PPPPPPPPP A:::::A     A:::::A         R::::RRRRRR:::::R   K:::::::::::K     O:::::O     O:::::O U:::::D     D:::::U   R::::RRRRRR:::::R",
    "  P::::P        A:::::AAAAAAAAA:::::A        R::::R     R:::::R  K::::::K:::::K    O:::::O     O:::::O U:::::D     D:::::U   R::::R     R:::::R",
    "  P::::P       A:::::::::::::::::::::A       R::::R     R:::::R  K:::::K K:::::K   O:::::O     O:::::O U:::::D     D:::::U   R::::R     R:::::R",
    "  P::::P      A:::::AAAAAAAAAAAAA:::::A      R::::R     R:::::RKK::::::K  K:::::KKKO::::::O   O::::::O U::::::U   U::::::U   R::::R     R:::::R",
    "PP::::::PP   A:::::A             A:::::A   RR:::::R     R:::::RK:::::::K   K::::::KO:::::::OOO:::::::O U:::::::UUU:::::::U RR:::::R     R:::::R",
    "P::::::::P  A:::::A               A:::::A  R::::::R     R:::::RK:::::::K    K:::::K OO:::::::::::::OO   UU:::::::::::::UU  R::::::R     R:::::R",
    "P::::::::P A:::::A                 A:::::A R::::::R     R:::::RK:::::::K    K:::::K   OO:::::::::OO       UU:::::::::UU    R::::::R     R:::::R",
    "PPPPPPPPPPAAAAAAA                   AAAAAAARRRRRRRR     RRRRRRRKKKKKKKKK    KKKKKKK     OOOOOOOOO           UUUUUUUUU      RRRRRRRR     RRRRRRR",
    "                                GGGGGGGGGGGGG               AAA               MMMMMMMM               MMMMMMMMEEEEEEEEEEEEEEEEEEEEEE",
    "                             GGG::::::::::::G              A:::A              M:::::::M             M:::::::ME::::::::::::::::::::E",
    "                           GG:::::::::::::::G             A:::::A             M::::::::M           M::::::::ME::::::::::::::::::::E",
    "                          G:::::GGGGGGGG::::G            A:::::::A            M:::::::::M         M:::::::::MEE::::::EEEEEEEEE::::E",
    "                         G:::::G       GGGGGG           A:::::::::A           M::::::::::M       M::::::::::M  E:::::E       EEEEEE",
    "                        G:::::G                        A:::::A:::::A          M:::::::::::M     M:::::::::::M  E:::::E",
    "                        G:::::G                       A:::::A A:::::A         M:::::::M::::M   M::::M:::::::M  E::::::EEEEEEEEEE",
    "                        G:::::G    GGGGGGGGGG        A:::::A   A:::::A        M::::::M M::::M M::::M M::::::M  E:::::::::::::::E",
    "                        G:::::G    G::::::::G       A:::::A     A:::::A       M::::::M  M::::M::::M  M::::::M  E:::::::::::::::E",
    "                        G:::::G    GGGGG::::G      A:::::AAAAAAAAA:::::A      M::::::M   M:::::::M   M::::::M  E::::::EEEEEEEEEE",
    "                        G:::::G        G::::G     A:::::::::::::::::::::A     M::::::M    M:::::M    M::::::M  E:::::E",
    "                         G:::::G       G::::G    A:::::AAAAAAAAAAAAA:::::A    M::::::M     MMMMM     M::::::M  E:::::E       EEEEEE",
    "                          G:::::GGGGGGGG::::G   A:::::A             A:::::A   M::::::M               M::::::MEE::::::EEEEEEEE:::::E",
    "                           GG:::::::::::::::G  A:::::A               A:::::A  M::::::M               M::::::ME::::::::::::::::::::E",
    "                             GGG::::::GGG:::G A:::::A                 A:::::A M::::::M               M::::::ME::::::::::::::::::::E",
    "                                GGGGGG   GGGGAAAAAAA                   AAAAAAAMMMMMMMM               MMMMMMMMEEEEEEEEEEEEEEEEEEEEEE",
};

char clear[6][237] = {
" ██████╗  █████╗ ███╗   ███╗███████╗     ██████╗██╗     ███████╗ █████╗ ██████╗ ██╗██╗",
"██╔════╝ ██╔══██╗████╗ ████║██╔════╝    ██╔════╝██║     ██╔════╝██╔══██╗██╔══██╗██║██║",
"██║  ███╗███████║██╔████╔██║█████╗      ██║     ██║     █████╗  ███████║██████╔╝██║██║",
"██║   ██║██╔══██║██║╚██╔╝██║██╔══╝      ██║     ██║     ██╔══╝  ██╔══██║██╔══██╗╚═╝╚═╝",
"╚██████╔╝██║  ██║██║ ╚═╝ ██║███████╗    ╚██████╗███████╗███████╗██║  ██║██║  ██║██╗██╗",
" ╚═════╝ ╚═╝  ╚═╝╚═╝     ╚═╝╚══════╝     ╚═════╝╚══════╝╚══════╝╚═╝  ╚═╝╚═╝  ╚═╝╚═╝╚═╝",
};
#pragma endregion

#pragma region Enum
enum Scene
{
    LOGO,
    MENU,
    SAVE,
    STAGE,
    CLEAR,
};
enum Color
{
    BLACK,
    BLUE,
    GREEN,
    CYAN,
    RED,
    MAGENTA,
    BROWN,
    LIGHTGRAY,
    DARKGRAY,
    LIGHTBLUE,
    LIGHTGREEN,
    LIGHTCYAN,
    LIGHTRED,
    LIGHTMAGENTA,
    YELLOW,
    WHITE,

};
enum Menu
{
    NEW,
    LORD,
    EXIT,
};
enum SaveFile
{
    FILE1,
    FILE2,
    FILE3,
};
#pragma endregion

#pragma region WIN API
HANDLE hBuffer[2];
int screenIndex;
void InitBuffer();
void FlipBuffer();
void ClearBuffer();
void WriteBuffer(int x, int y, const char* shape, int color);
void DestroyBuffer();
#pragma endregion

#pragma region Struct
struct Obj
{
    int x;
    int y;
    Color color;
    const char* shape;
    int hp;

};
#pragma endregion

#pragma region Game
Scene currentScene;
void Play();
void SetScene(Scene newScene);
void Release();

//Logo
Obj* press;
void LogoInitialize();
void LogoProgress();
void LogoRender();
void LogoRelease();

//Menu
Menu currentMENU;
Obj* menu[3];
Obj* menucontroler;
void MenuSetup(int number);
void Menuinitalize();
void MenuProgress();
void MenuRender();
void MenuRelease();

//Save
SaveFile currentSAVE;
Obj* savefile[3];
void SaveFileSet(int filenumber);
void SaveInitialize();
void SaveProgress();
void SaveRender();
void SaveRelease();

//Stage
Obj* player;
float time = 0.0;
float h = 0;
float playerY = 0;
const float G = 9.81f;
const float Vo = 5.f;
bool jump = false;
void StageInitialize();
void StageProgress();
void StageRender();
void StageRelease();

//Clear
void ClearInitialize();
void ClearProgress();
void ClearRender();
void ClearRelease();
#pragma endregion

int main()
{
    InitBuffer();
    SetScene(LOGO);

    while (true)
    {
        FlipBuffer();
        ClearBuffer();

        Play();

        Sleep(10);
    }

    Release();
    DestroyBuffer();

    return 0;
}
#pragma region Play
void Play()
{
    switch (currentScene)
    {
    case LOGO:
        LogoProgress();
        LogoRender();
        break;
    case MENU:
        MenuProgress();
        MenuRender();
        break;
    case STAGE:
        StageProgress();
        StageRender();
        break;
    case CLEAR:
        ClearProgress();
        ClearRender();
    default:
        break;
    }
}
void SetScene(Scene newScene)
{
    currentScene = newScene;
    switch (currentScene)
    {
    case LOGO:
        LogoInitialize();
        break;
    case MENU:
        Menuinitalize();
        break;
    case STAGE:
        StageInitialize();
        break;
    case CLEAR:
        ClearInitialize();
    default:
        break;
    }
}
void Release()
{
    LogoRelease();
    MenuRelease();
    StageRelease();
    ClearRelease();
}
#pragma endregion

#pragma region Logo
void LogoInitialize()
{
    press = (Obj*)malloc(sizeof(Obj));
    press->x = 53;
    press->y = 57;
    press->color = WHITE;
    press->shape = "Press ENTER to Start";
}


void LogoProgress()
{
    if (GetAsyncKeyState(VK_RETURN))
    {
        SetScene(MENU);
    }

}
void LogoRender()
{
    for (int i = 0; i < 32; i++)
    {
        WriteBuffer(23, 15 + i, title[i], WHITE);
    }
    WriteBuffer(press->x, press->y, press->shape, press->color);
}
void LogoRelease()
{
    free(press);
    press = nullptr;
}
#pragma endregion

#pragma region Menu
void MenuSetup(int number)
{
    int index = currentMENU;
    menu[index]->color = WHITE;
    index += number;
    currentMENU = (Menu)index;
    menu[index]->color = YELLOW;
}
void Menuinitalize()
{
    for (int i = 0; i < 3; i++)
    {
        menu[i] = (Obj*)malloc(sizeof(Obj));
        menu[i]->x = 53;
        menu[i]->y = 55 + i * 2;
        menu[i]->color = WHITE;
    }

    menu[0]->shape = " [ N E W G A M E ] ";
    menu[1]->shape = "[ L O R D G A M E ]";
    menu[2]->shape = "    [ Q U I T ]    ";


    currentMENU = NEW;
    menucontroler = (Obj*)malloc(sizeof(Obj));
    menucontroler->x = 50;
    menucontroler->y = 55;
    menucontroler->color = WHITE;
    menucontroler->shape = "▶";

    MenuSetup(0);
}
void MenuProgress()
{
    if (GetAsyncKeyState(VK_RETURN))
    {
        switch (currentMENU)
        {
        case NEW:
            SetScene(STAGE);
            break;
        case LORD:
            SetScene(SAVE);
            break;
        case EXIT:
            SetScene(LOGO);
            break;
        default:
            break;
        }
    }

    if (GetAsyncKeyState(VK_UP))
    {
        if (menucontroler->y > menu[0]->y)
        {
            menucontroler->y -= 2;
            MenuSetup(-1);
        }
    }
    if (GetAsyncKeyState(VK_DOWN))
    {
        if (menucontroler->y < menu[2]->y)
        {
            menucontroler->y += 2;
            MenuSetup(1);
        }
    }
}
void MenuRender()
{
    for (int i = 0; i < 32; i++)
    {
        WriteBuffer(23, 15 + i, title[i], WHITE);
    }

    for (int i = 0; i < 3; i++)
    {
        WriteBuffer(menu[i]->x, menu[i]->y, menu[i]->shape, menu[i]->color);
    }

    WriteBuffer(menucontroler->x, menucontroler->y, menucontroler->shape, menucontroler->color);
}
void MenuRelease()
{;
    free(menucontroler);
    menucontroler = nullptr;
}
#pragma endregion

#pragma region SaveMenu
void SaveFileSet(int filenumber)
{
    int saveindex = currentMENU;
    savefile[saveindex]->color = WHITE;
    saveindex += filenumber;
    currentMENU = (Menu)saveindex;
    menu[saveindex]->color = YELLOW;
}
void SaveInitialize()
{
    for (int i = 0; i < 3; i++)
    {
        savefile[i] = (Obj*)malloc(sizeof(Obj));
        savefile[i]->x = 53;
        savefile[i]->y = 55 + i * 2;
        savefile[i]->color = WHITE;
    }
    savefile[0]->shape = " [ F I R S T F I L E ] ";
    savefile[1]->shape = "[ S E C O N D F I L E ]";
    savefile[2]->shape = " [ T H I R D F I L E ] ";

    currentSAVE = FILE1;
}
void SaveProgress()
{
    if (GetAsyncKeyState(VK_RETURN))
    {
        switch (currentSAVE)
        {
        case FILE1:
            break;
        case FILE2:
            break;
        case FILE3:
            break;
        default:
            break;
        }
    }
    if (GetAsyncKeyState(VK_UP))
    {

    }
    if (GetAsyncKeyState(VK_DOWN))
    {

    }
    if (GetAsyncKeyState(VK_LEFT))
    {

    }
    if (GetAsyncKeyState(VK_RIGHT))
    {

    }
}
void SaveRender()
{

}
void SaveRelease()
{

}
#pragma endregion


#pragma region Stage
void StageInitialize()
{
    player = (Obj*)malloc(sizeof(Obj));
    player->x = 6;
    player->y = 55;
    player->color = WHITE;
    player->shape = "■";
    player->hp = 5;
}

void StageProgress()
{
    if (GetAsyncKeyState(VK_RETURN))
    {
        SetScene(LOGO);
    }

    if (GetAsyncKeyState(0x41))
    {
        player->x--;
        if (map[player->y][player->x] == 2)
        {
            player->x++;
        }
        if (map[player->y][player->x] == 3)
        {
            player->x++;
        }
        if (map[player->y][player->x] == 4)
        {
            player->x++;
            player->hp--;
        }
        if (map[player->y][player->x] == 5)
        {
            player->x++;
            player->hp--;
        }
    }

    if (GetAsyncKeyState(0x44))
    {
        player->x++;
        if (map[player->y][player->x] == 2)
        {
            player->x--;
        }
        if (map[player->y][player->x] == 3)
        {
            player->x--;
        }
        if (map[player->y][player->x] == 4)
        {
            player->x--;
            player->hp--;
        }
        if (map[player->y][player->x] == 5)
        {
            player->x--;
            player->hp--;
        }
        if (map[player->y][player->x] == 7)
        {
            SetScene(CLEAR);
        }
    }

    if (GetAsyncKeyState(VK_SPACE))
    {
        WriteBuffer(0, 0, "Jump", player->color);
        h = 0;
        time = 0;
        playerY = player->y;
        jump = true;
    }

    if (jump)
    {
        time += 0.1f;
        h = -Vo * time + (0.5f * G * time * time);
        player->y = playerY + h;

        if (player->y >= playerY)
        {
            player->y = playerY;
            jump = false;
        }
    }

}
void StageRender()
{
    for (int y = 0; y < MAP_HEIGHT; y++)
    {
        for (int x = 0; x < MAP_WIDTH; x++)
        {
            switch (map[y][x])
            {
            case 0:
                break;
            case 1:
                WriteBuffer(x, y, "##", LIGHTGREEN);
                break;
            case 2:
                WriteBuffer(x, y, " ", WHITE);
                break;
            case 3:
                WriteBuffer(x, y, "■■", WHITE);
                break;
            case 4:
                WriteBuffer(x, y, "▲", DARKGRAY);
                break;
            case 5:
                WriteBuffer(x, y, "■", DARKGRAY);
                break;
            case 7:
                WriteBuffer(x, y, "＿", BLUE);
                break;
            default:
                break;
            }
        }
    }
    WriteBuffer(player->x, player->y, player->shape, player->color);
}
void StageRelease()
{
    free(player);
    player = nullptr;
}
#pragma endregion

#pragma region Clear
void ClearInitialize()
{

}
void ClearProgress()
{
    if (GetAsyncKeyState(VK_RETURN))
    {
        SetScene(CLEAR);
    }
}
void ClearRender()
{
    for  (int i = 0; i < 6; i++)
    {
        WriteBuffer(23, 15 + i, clear[i], WHITE);
    }
}
void ClearRelease()
{

}
#pragma endregion

#pragma region Win API 
void InitBuffer()
{
    screenIndex = 0;

    COORD size = { BufferWidth, BufferHeight };

    SMALL_RECT rect = { 0,0, BufferWidth, BufferHeight};

    hBuffer[0] = CreateConsoleScreenBuffer(GENERIC_READ | GENERIC_WRITE, FILE_SHARE_READ | FILE_SHARE_WRITE, NULL, CONSOLE_TEXTMODE_BUFFER, NULL);

    SetConsoleScreenBufferSize(hBuffer[0], size);

    SetConsoleWindowInfo(hBuffer[0], TRUE, &rect);

    hBuffer[1] = CreateConsoleScreenBuffer(GENERIC_READ | GENERIC_WRITE, FILE_SHARE_READ | FILE_SHARE_WRITE, NULL, CONSOLE_TEXTMODE_BUFFER, NULL);

    SetConsoleScreenBufferSize(hBuffer[1], size);

    SetConsoleWindowInfo(hBuffer[1], TRUE, &rect);

    CONSOLE_CURSOR_INFO Info;
    Info.dwSize = 1;
    Info.bVisible = FALSE;

    SetConsoleCursorInfo(hBuffer[0], &Info);
    SetConsoleCursorInfo(hBuffer[1], &Info);
}

void FlipBuffer()
{
    SetConsoleActiveScreenBuffer(hBuffer[screenIndex]);

    screenIndex = !screenIndex;
}

void ClearBuffer()
{
    COORD pos = { 0, 0 };
    DWORD dw;

    FillConsoleOutputCharacter(hBuffer[screenIndex], ' ', BufferWidth * BufferHeight, pos, &dw);
}

void WriteBuffer(int x, int y, const char* shape, int color)
{
    COORD pos = { x * 2, y };

    SetConsoleCursorPosition(hBuffer[screenIndex], pos);

    SetConsoleTextAttribute(hBuffer[screenIndex], color);

    DWORD dw;
    WriteFile(hBuffer[screenIndex], shape, strlen(shape), &dw, NULL);
}

void DestroyBuffer()
{
    CloseHandle(hBuffer[0]);
    CloseHandle(hBuffer[1]);
}

#pragma endregion
